
Microsoft Visual Studio Solution File, Format Version 12.00
# Visual Studio Version 17
VisualStudioVersion = 17.0.31903.59
MinimumVisualStudioVersion = 10.0.40219.1
Project("{9A19103F-16F7-4668-BE54-9A1E7A4F7556}") = "skinet", "skinet\skinet.csproj", "{F5818C61-DA15-4C68-93E6-9896A160994F}"
EndProject
Project("{2150E333-8FDC-42A3-9474-1A3956D46DE8}") = "Itens de Solução", "Itens de Solução", "{FCB4418C-B8A2-4BE3-85B9-8205803F7F20}"
	ProjectSection(SolutionItems) = preProject
		.gitignore = .gitignore
		CODEOWNERS = CODEOWNERS
		README.md = README.md
	EndProjectSection
EndProject
Project("{9A19103F-16F7-4668-BE54-9A1E7A4F7556}") = "skinetcore", "skinetcore\skinetcore.csproj", "{D9F1C96C-6D85-45C2-970B-0FE095A03A5E}"
EndProject
Global
	GlobalSection(SolutionConfigurationPlatforms) = preSolution
		Debug|Any CPU = Debug|Any CPU
		Release|Any CPU = Release|Any CPU
	EndGlobalSection
	GlobalSection(ProjectConfigurationPlatforms) = postSolution
		{F5818C61-DA15-4C68-93E6-9896A160994F}.Debug|Any CPU.ActiveCfg = Debug|Any CPU
		{F5818C61-DA15-4C68-93E6-9896A160994F}.Debug|Any CPU.Build.0 = Debug|Any CPU
		{F5818C61-DA15-4C68-93E6-9896A160994F}.Release|Any CPU.ActiveCfg = Release|Any CPU
		{F5818C61-DA15-4C68-93E6-9896A160994F}.Release|Any CPU.Build.0 = Release|Any CPU
		{D9F1C96C-6D85-45C2-970B-0FE095A03A5E}.Debug|Any CPU.ActiveCfg = Debug|Any CPU
		{D9F1C96C-6D85-45C2-970B-0FE095A03A5E}.Debug|Any CPU.Build.0 = Debug|Any CPU
		{D9F1C96C-6D85-45C2-970B-0FE095A03A5E}.Release|Any CPU.ActiveCfg = Release|Any CPU
		{D9F1C96C-6D85-45C2-970B-0FE095A03A5E}.Release|Any CPU.Build.0 = Release|Any CPU
	EndGlobalSection
	GlobalSection(SolutionProperties) = preSolution
		HideSolutionNode = FALSE
	EndGlobalSection
	GlobalSection(ExtensibilityGlobals) = postSolution
		SolutionGuid = {7EF7EE78-9E21-4368-B3C9-07BAE46CBFD9}
	EndGlobalSection
EndGlobal
